# This file is automatically @generated by Cargo.
# It is not intended for manual editing.
version = 3

[[package]]
name = "dagwasm-guest"
version = "0.1.0"

[[package]]
name = "get_plan"
version = "0.1.0"
dependencies = [
 "dagwasm-guest",
]

[[package]]
name = "identity"
version = "0.1.0"
dependencies = [
 "dagwasm-guest",
]

[[package]]
name = "test_input_is_hello_world"
version = "0.1.0"
dependencies = [
 "dagwasm-guest",
]

[[package]]
name = "test_plan_is_dir"
version = "0.1.0"
dependencies = [
 "dagwasm-guest",
]
